Microsoft Visual Studio Solution File, Format Version 12.00
# Visual Studio 15
VisualStudioVersion = 15.0.27004.2006
MinimumVisualStudioVersion = 10.0.40219.1
Project("{9A19103F-16F7-4668-BE54-9A1E7A4F7556}") = "DayPrinter", "DayPrinter\DayPrinter.csproj", "{B3E76AAA-3BE8-49C7-A831-64EF68C6F28D}"
EndProject
Project("{9A19103F-16F7-4668-BE54-9A1E7A4F7556}") = "ElseIf", "ElseIf\ElseIf.csproj", "{C7008ACC-EE4B-49CC-B7FB-5F9F95E257A9}"
EndProject
Project("{9A19103F-16F7-4668-BE54-9A1E7A4F7556}") = "TempConv", "TempConv\TempConv.csproj", "{6D18F93D-E26F-4FF4-ABF2-1450FD9FB19D}"
EndProject
Project("{9A19103F-16F7-4668-BE54-9A1E7A4F7556}") = "HelloMethods", "HelloMethods\HelloMethods.csproj", "{9B69E0D2-FBD5-4FB4-9D40-768AE4F57300}"
EndProject
Project("{9A19103F-16F7-4668-BE54-9A1E7A4F7556}") = "Gradebook", "Gradebook\Gradebook.csproj", "{9E08496B-2501-4CBF-844F-8FD7BA97F4E6}"
EndProject
Project("{9A19103F-16F7-4668-BE54-9A1E7A4F7556}") = "GradebookDict", "GradebookDict\GradebookDict.csproj", "{EFCB1B91-2E92-478F-BFF7-013FF6911DCC}"
EndProject
Project("{9A19103F-16F7-4668-BE54-9A1E7A4F7556}") = "GradebookArray", "GradebookArray\GradebookArray.csproj", "{89051A0E-8D18-48C3-B4E6-D05F62D252CE}"
EndProject
Project("{9A19103F-16F7-4668-BE54-9A1E7A4F7556}") = "Area", "..\csharp-exercises\Area\Area.csproj", "{DF41894A-73F6-42B0-8E55-05A6530FEDE0}"
EndProject
Project("{9A19103F-16F7-4668-BE54-9A1E7A4F7556}") = "CheeseMVC", "..\csharp-exercises\CheeseMVC\CheeseMVC\CheeseMVC.csproj", "{30445D07-B2C1-4E23-B82A-DA33A27044CD}"
EndProject
Project("{9A19103F-16F7-4668-BE54-9A1E7A4F7556}") = "Greeting", "..\csharp-exercises\Greeting\Greeting\Greeting.csproj", "{88BF95F5-2C27-4AB5-A332-A728E13D9D9F}"
EndProject
Project("{9A19103F-16F7-4668-BE54-9A1E7A4F7556}") = "CountingCharacters", "..\csharp-exercises\CountingCharacters\CountingCharacters.csproj", "{846791B2-397A-4771-96A2-C6BD6EBE41AE}"
EndProject
Project("{9A19103F-16F7-4668-BE54-9A1E7A4F7556}") = "HelloMVC", "..\csharp-exercises\HelloMVC\HelloMVC\HelloMVC.csproj", "{A0AEF6A9-4392-44D8-87DC-F444AD8C5C5A}"
EndProject
Project("{9A19103F-16F7-4668-BE54-9A1E7A4F7556}") = "HelloWorld", "..\csharp-exercises\HelloWorld\HelloWorld.csproj", "{4C33A9CD-448B-4F7D-9D32-8EADA10FCEFB}"
EndProject
Global
	GlobalSection(SolutionConfigurationPlatforms) = preSolution
		Debug|Any CPU = Debug|Any CPU
		Release|Any CPU = Release|Any CPU
	EndGlobalSection
	GlobalSection(ProjectConfigurationPlatforms) = postSolution
		{B3E76AAA-3BE8-49C7-A831-64EF68C6F28D}.Debug|Any CPU.ActiveCfg = Debug|Any CPU
		{B3E76AAA-3BE8-49C7-A831-64EF68C6F28D}.Debug|Any CPU.Build.0 = Debug|Any CPU
		{B3E76AAA-3BE8-49C7-A831-64EF68C6F28D}.Release|Any CPU.ActiveCfg = Release|Any CPU
		{B3E76AAA-3BE8-49C7-A831-64EF68C6F28D}.Release|Any CPU.Build.0 = Release|Any CPU
		{C7008ACC-EE4B-49CC-B7FB-5F9F95E257A9}.Debug|Any CPU.ActiveCfg = Debug|Any CPU
		{C7008ACC-EE4B-49CC-B7FB-5F9F95E257A9}.Debug|Any CPU.Build.0 = Debug|Any CPU
		{C7008ACC-EE4B-49CC-B7FB-5F9F95E257A9}.Release|Any CPU.ActiveCfg = Release|Any CPU
		{C7008ACC-EE4B-49CC-B7FB-5F9F95E257A9}.Release|Any CPU.Build.0 = Release|Any CPU
		{6D18F93D-E26F-4FF4-ABF2-1450FD9FB19D}.Debug|Any CPU.ActiveCfg = Debug|Any CPU
		{6D18F93D-E26F-4FF4-ABF2-1450FD9FB19D}.Debug|Any CPU.Build.0 = Debug|Any CPU
		{6D18F93D-E26F-4FF4-ABF2-1450FD9FB19D}.Release|Any CPU.ActiveCfg = Release|Any CPU
		{6D18F93D-E26F-4FF4-ABF2-1450FD9FB19D}.Release|Any CPU.Build.0 = Release|Any CPU
		{9B69E0D2-FBD5-4FB4-9D40-768AE4F57300}.Debug|Any CPU.ActiveCfg = Debug|Any CPU
		{9B69E0D2-FBD5-4FB4-9D40-768AE4F57300}.Debug|Any CPU.Build.0 = Debug|Any CPU
		{9B69E0D2-FBD5-4FB4-9D40-768AE4F57300}.Release|Any CPU.ActiveCfg = Release|Any CPU
		{9B69E0D2-FBD5-4FB4-9D40-768AE4F57300}.Release|Any CPU.Build.0 = Release|Any CPU
		{9E08496B-2501-4CBF-844F-8FD7BA97F4E6}.Debug|Any CPU.ActiveCfg = Debug|Any CPU
		{9E08496B-2501-4CBF-844F-8FD7BA97F4E6}.Debug|Any CPU.Build.0 = Debug|Any CPU
		{9E08496B-2501-4CBF-844F-8FD7BA97F4E6}.Release|Any CPU.ActiveCfg = Release|Any CPU
		{9E08496B-2501-4CBF-844F-8FD7BA97F4E6}.Release|Any CPU.Build.0 = Release|Any CPU
		{EFCB1B91-2E92-478F-BFF7-013FF6911DCC}.Debug|Any CPU.ActiveCfg = Debug|Any CPU
		{EFCB1B91-2E92-478F-BFF7-013FF6911DCC}.Debug|Any CPU.Build.0 = Debug|Any CPU
		{EFCB1B91-2E92-478F-BFF7-013FF6911DCC}.Release|Any CPU.ActiveCfg = Release|Any CPU
		{EFCB1B91-2E92-478F-BFF7-013FF6911DCC}.Release|Any CPU.Build.0 = Release|Any CPU
		{89051A0E-8D18-48C3-B4E6-D05F62D252CE}.Debug|Any CPU.ActiveCfg = Debug|Any CPU
		{89051A0E-8D18-48C3-B4E6-D05F62D252CE}.Debug|Any CPU.Build.0 = Debug|Any CPU
		{89051A0E-8D18-48C3-B4E6-D05F62D252CE}.Release|Any CPU.ActiveCfg = Release|Any CPU
		{89051A0E-8D18-48C3-B4E6-D05F62D252CE}.Release|Any CPU.Build.0 = Release|Any CPU
		{DF41894A-73F6-42B0-8E55-05A6530FEDE0}.Debug|Any CPU.ActiveCfg = Debug|Any CPU
		{DF41894A-73F6-42B0-8E55-05A6530FEDE0}.Debug|Any CPU.Build.0 = Debug|Any CPU
		{DF41894A-73F6-42B0-8E55-05A6530FEDE0}.Release|Any CPU.ActiveCfg = Release|Any CPU
		{DF41894A-73F6-42B0-8E55-05A6530FEDE0}.Release|Any CPU.Build.0 = Release|Any CPU
		{30445D07-B2C1-4E23-B82A-DA33A27044CD}.Debug|Any CPU.ActiveCfg = Debug|Any CPU
		{30445D07-B2C1-4E23-B82A-DA33A27044CD}.Debug|Any CPU.Build.0 = Debug|Any CPU
		{30445D07-B2C1-4E23-B82A-DA33A27044CD}.Release|Any CPU.ActiveCfg = Release|Any CPU
		{30445D07-B2C1-4E23-B82A-DA33A27044CD}.Release|Any CPU.Build.0 = Release|Any CPU
		{88BF95F5-2C27-4AB5-A332-A728E13D9D9F}.Debug|Any CPU.ActiveCfg = Debug|Any CPU
		{88BF95F5-2C27-4AB5-A332-A728E13D9D9F}.Debug|Any CPU.Build.0 = Debug|Any CPU
		{88BF95F5-2C27-4AB5-A332-A728E13D9D9F}.Release|Any CPU.ActiveCfg = Release|Any CPU
		{88BF95F5-2C27-4AB5-A332-A728E13D9D9F}.Release|Any CPU.Build.0 = Release|Any CPU
		{846791B2-397A-4771-96A2-C6BD6EBE41AE}.Debug|Any CPU.ActiveCfg = Debug|Any CPU
		{846791B2-397A-4771-96A2-C6BD6EBE41AE}.Debug|Any CPU.Build.0 = Debug|Any CPU
		{846791B2-397A-4771-96A2-C6BD6EBE41AE}.Release|Any CPU.ActiveCfg = Release|Any CPU
		{846791B2-397A-4771-96A2-C6BD6EBE41AE}.Release|Any CPU.Build.0 = Release|Any CPU
		{A0AEF6A9-4392-44D8-87DC-F444AD8C5C5A}.Debug|Any CPU.ActiveCfg = Debug|Any CPU
		{A0AEF6A9-4392-44D8-87DC-F444AD8C5C5A}.Debug|Any CPU.Build.0 = Debug|Any CPU
		{A0AEF6A9-4392-44D8-87DC-F444AD8C5C5A}.Release|Any CPU.ActiveCfg = Release|Any CPU
		{A0AEF6A9-4392-44D8-87DC-F444AD8C5C5A}.Release|Any CPU.Build.0 = Release|Any CPU
		{4C33A9CD-448B-4F7D-9D32-8EADA10FCEFB}.Debug|Any CPU.ActiveCfg = Debug|Any CPU
		{4C33A9CD-448B-4F7D-9D32-8EADA10FCEFB}.Debug|Any CPU.Build.0 = Debug|Any CPU
		{4C33A9CD-448B-4F7D-9D32-8EADA10FCEFB}.Release|Any CPU.ActiveCfg = Release|Any CPU
		{4C33A9CD-448B-4F7D-9D32-8EADA10FCEFB}.Release|Any CPU.Build.0 = Release|Any CPU
	EndGlobalSection
	GlobalSection(SolutionProperties) = preSolution
		HideSolutionNode = FALSE
	EndGlobalSection
	GlobalSection(ExtensibilityGlobals) = postSolution
		SolutionGuid = {10F6A2F7-3C98-477E-B8AA-8CF9F69DA929}
	EndGlobalSection
EndGlobal
